{
  "schema_version": 1,
  "cargo_lock_sha256": "b6cfda6e6653a11be996e3f396138f84135ed89dc7c99d5ae82869bf81088633",
  "target_resolves": {
    "base": {
      "lava-helm-0.1.2": {
        "runtime_dependencies": [],
        "build_dependencies": [],
        "features": []
      }
    },
    "targets": {
      "aarch64-apple-darwin": {
        "overrides": {}
      },
      "x86_64-apple-darwin": {
        "overrides": {}
      },
      "x86_64-unknown-linux-gnu": {
        "overrides": {}
      },
      "x86_64-unknown-linux-musl": {
        "overrides": {}
      },
      "aarch64-unknown-linux-gnu": {
        "overrides": {}
      },
      "aarch64-unknown-linux-musl": {
        "overrides": {}
      }
    }
  },
  "per_crate": {
    "lava-helm-0.1.2": {
      "edition": "2024",
      "lib_target": {
        "name": "lava_helm",
        "path": "src/lib.rs"
      }
    }
  },
  "git_nar_sha256": {},
  "flake_metadata": {}
}
